
Microsoft Visual Studio Solution File, Format Version 12.00
# Visual Studio Version 16
VisualStudioVersion = 16.0.31624.102
MinimumVisualStudioVersion = 10.0.40219.1
Project("{FAE04EC0-301F-11D3-BF4B-00C04F79EFBC}") = "Suosikki nimet", "Suosikki nimet\Suosikki nimet.csproj", "{95D62EB8-37B0-414F-836D-ADA6F0362C7C}"
EndProject
Global
	GlobalSection(SolutionConfigurationPlatforms) = preSolution
		Debug|Any CPU = Debug|Any CPU
		Release|Any CPU = Release|Any CPU
	EndGlobalSection
	GlobalSection(ProjectConfigurationPlatforms) = postSolution
		{95D62EB8-37B0-414F-836D-ADA6F0362C7C}.Debug|Any CPU.ActiveCfg = Debug|Any CPU
		{95D62EB8-37B0-414F-836D-ADA6F0362C7C}.Debug|Any CPU.Build.0 = Debug|Any CPU
		{95D62EB8-37B0-414F-836D-ADA6F0362C7C}.Release|Any CPU.ActiveCfg = Release|Any CPU
		{95D62EB8-37B0-414F-836D-ADA6F0362C7C}.Release|Any CPU.Build.0 = Release|Any CPU
	EndGlobalSection
	GlobalSection(SolutionProperties) = preSolution
		HideSolutionNode = FALSE
	EndGlobalSection
	GlobalSection(ExtensibilityGlobals) = postSolution
		SolutionGuid = {9730D543-5A8B-4B75-8F71-743AABE0865E}
	EndGlobalSection
EndGlobal
