
Microsoft Visual Studio Solution File, Format Version 12.00
# Visual Studio Version 16
VisualStudioVersion = 16.0.31624.102
MinimumVisualStudioVersion = 10.0.40219.1
Project("{FAE04EC0-301F-11D3-BF4B-00C04F79EFBC}") = "Päiväkirja", "Päiväkirja\Päiväkirja.csproj", "{14542B16-377D-400D-A98E-7A3E655F3B53}"
EndProject
Global
	GlobalSection(SolutionConfigurationPlatforms) = preSolution
		Debug|Any CPU = Debug|Any CPU
		Release|Any CPU = Release|Any CPU
	EndGlobalSection
	GlobalSection(ProjectConfigurationPlatforms) = postSolution
		{14542B16-377D-400D-A98E-7A3E655F3B53}.Debug|Any CPU.ActiveCfg = Debug|Any CPU
		{14542B16-377D-400D-A98E-7A3E655F3B53}.Debug|Any CPU.Build.0 = Debug|Any CPU
		{14542B16-377D-400D-A98E-7A3E655F3B53}.Release|Any CPU.ActiveCfg = Release|Any CPU
		{14542B16-377D-400D-A98E-7A3E655F3B53}.Release|Any CPU.Build.0 = Release|Any CPU
	EndGlobalSection
	GlobalSection(SolutionProperties) = preSolution
		HideSolutionNode = FALSE
	EndGlobalSection
	GlobalSection(ExtensibilityGlobals) = postSolution
		SolutionGuid = {3F8CE873-2A05-4C58-964C-D8C31DFDC6A3}
	EndGlobalSection
EndGlobal
