
Microsoft Visual Studio Solution File, Format Version 12.00
# Visual Studio Version 16
VisualStudioVersion = 16.0.29920.165
MinimumVisualStudioVersion = 10.0.40219.1
Project("{FAE04EC0-301F-11D3-BF4B-00C04F79EFBC}") = "Nopan heitto", "Nopan heitto\Nopan heitto.csproj", "{4625FC36-3590-4695-8F68-368C8195931F}"
EndProject
Global
	GlobalSection(SolutionConfigurationPlatforms) = preSolution
		Debug|Any CPU = Debug|Any CPU
		Release|Any CPU = Release|Any CPU
	EndGlobalSection
	GlobalSection(ProjectConfigurationPlatforms) = postSolution
		{4625FC36-3590-4695-8F68-368C8195931F}.Debug|Any CPU.ActiveCfg = Debug|Any CPU
		{4625FC36-3590-4695-8F68-368C8195931F}.Debug|Any CPU.Build.0 = Debug|Any CPU
		{4625FC36-3590-4695-8F68-368C8195931F}.Release|Any CPU.ActiveCfg = Release|Any CPU
		{4625FC36-3590-4695-8F68-368C8195931F}.Release|Any CPU.Build.0 = Release|Any CPU
	EndGlobalSection
	GlobalSection(SolutionProperties) = preSolution
		HideSolutionNode = FALSE
	EndGlobalSection
	GlobalSection(ExtensibilityGlobals) = postSolution
		SolutionGuid = {94352BE1-3A4C-46DF-BCC4-5647FF0D42CF}
	EndGlobalSection
EndGlobal
