
Microsoft Visual Studio Solution File, Format Version 12.00
# Visual Studio Version 16
VisualStudioVersion = 16.0.29920.165
MinimumVisualStudioVersion = 10.0.40219.1
Project("{FAE04EC0-301F-11D3-BF4B-00C04F79EFBC}") = "Laskin", "Laskin\Laskin.csproj", "{30E6FA6D-AD6B-4B7A-9E6F-EA56032B18CE}"
EndProject
Global
	GlobalSection(SolutionConfigurationPlatforms) = preSolution
		Debug|Any CPU = Debug|Any CPU
		Release|Any CPU = Release|Any CPU
	EndGlobalSection
	GlobalSection(ProjectConfigurationPlatforms) = postSolution
		{30E6FA6D-AD6B-4B7A-9E6F-EA56032B18CE}.Debug|Any CPU.ActiveCfg = Debug|Any CPU
		{30E6FA6D-AD6B-4B7A-9E6F-EA56032B18CE}.Debug|Any CPU.Build.0 = Debug|Any CPU
		{30E6FA6D-AD6B-4B7A-9E6F-EA56032B18CE}.Release|Any CPU.ActiveCfg = Release|Any CPU
		{30E6FA6D-AD6B-4B7A-9E6F-EA56032B18CE}.Release|Any CPU.Build.0 = Release|Any CPU
	EndGlobalSection
	GlobalSection(SolutionProperties) = preSolution
		HideSolutionNode = FALSE
	EndGlobalSection
	GlobalSection(ExtensibilityGlobals) = postSolution
		SolutionGuid = {C3937E77-F49C-43B1-91A1-08C34870C411}
	EndGlobalSection
EndGlobal
