
Microsoft Visual Studio Solution File, Format Version 12.00
# Visual Studio Version 16
VisualStudioVersion = 16.0.31624.102
MinimumVisualStudioVersion = 10.0.40219.1
Project("{FAE04EC0-301F-11D3-BF4B-00C04F79EFBC}") = "Opiskelia kahvila", "Opiskelia kahvila\Opiskelia kahvila.csproj", "{88B060EB-F9B9-44C9-AC88-56576B88AB13}"
EndProject
Global
	GlobalSection(SolutionConfigurationPlatforms) = preSolution
		Debug|Any CPU = Debug|Any CPU
		Release|Any CPU = Release|Any CPU
	EndGlobalSection
	GlobalSection(ProjectConfigurationPlatforms) = postSolution
		{88B060EB-F9B9-44C9-AC88-56576B88AB13}.Debug|Any CPU.ActiveCfg = Debug|Any CPU
		{88B060EB-F9B9-44C9-AC88-56576B88AB13}.Debug|Any CPU.Build.0 = Debug|Any CPU
		{88B060EB-F9B9-44C9-AC88-56576B88AB13}.Release|Any CPU.ActiveCfg = Release|Any CPU
		{88B060EB-F9B9-44C9-AC88-56576B88AB13}.Release|Any CPU.Build.0 = Release|Any CPU
	EndGlobalSection
	GlobalSection(SolutionProperties) = preSolution
		HideSolutionNode = FALSE
	EndGlobalSection
	GlobalSection(ExtensibilityGlobals) = postSolution
		SolutionGuid = {6B42A4E7-D0E3-4349-81ED-3FE2E29FF65D}
	EndGlobalSection
EndGlobal
